
Microsoft Visual Studio Solution File, Format Version 12.00
# Visual Studio 2013
VisualStudioVersion = 12.0.40629.0
MinimumVisualStudioVersion = 10.0.40219.1
Project("{2150E333-8FDC-42A3-9474-1A3956D46DE8}") = "Testing", "Testing", "{8E680832-2437-4507-8AF3-1C9050168E2A}"
EndProject
Project("{FAE04EC0-301F-11D3-BF4B-00C04F79EFBC}") = "LMS.Web.UnitTests", "LMS.Web.UnitTests\LMS.Web.UnitTests.csproj", "{96268C70-C3AB-424C-9B73-C5933CEF3ED4}"
EndProject
Project("{FAE04EC0-301F-11D3-BF4B-00C04F79EFBC}") = "LMS.Domain.UnitTests", "LMS.Domain.UnitTests\LMS.Domain.UnitTests.csproj", "{FD571252-75E2-4E29-A7FE-D818DA61D1A7}"
EndProject
Project("{FAE04EC0-301F-11D3-BF4B-00C04F79EFBC}") = "LMS.Domain.IntegrationTests", "LMS.Domain.IntegrationTests\LMS.Domain.IntegrationTests.csproj", "{9857AB34-1ECE-4366-99C2-25202DFF0D0A}"
EndProject
Project("{FAE04EC0-301F-11D3-BF4B-00C04F79EFBC}") = "LMS.Web", "LMS.Web\LMS.Web.csproj", "{B0ADF887-C8FE-4FA2-A7E3-ACB9C7DB63AD}"
EndProject
Project("{FAE04EC0-301F-11D3-BF4B-00C04F79EFBC}") = "LMS.Domain", "LMS.Domain\LMS.Domain.csproj", "{345891C9-F12E-4F0B-A862-126EA5DB714D}"
EndProject
Global
	GlobalSection(SolutionConfigurationPlatforms) = preSolution
		Debug|Any CPU = Debug|Any CPU
		Release|Any CPU = Release|Any CPU
	EndGlobalSection
	GlobalSection(ProjectConfigurationPlatforms) = postSolution
		{96268C70-C3AB-424C-9B73-C5933CEF3ED4}.Debug|Any CPU.ActiveCfg = Debug|Any CPU
		{96268C70-C3AB-424C-9B73-C5933CEF3ED4}.Debug|Any CPU.Build.0 = Debug|Any CPU
		{96268C70-C3AB-424C-9B73-C5933CEF3ED4}.Release|Any CPU.ActiveCfg = Release|Any CPU
		{96268C70-C3AB-424C-9B73-C5933CEF3ED4}.Release|Any CPU.Build.0 = Release|Any CPU
		{FD571252-75E2-4E29-A7FE-D818DA61D1A7}.Debug|Any CPU.ActiveCfg = Debug|Any CPU
		{FD571252-75E2-4E29-A7FE-D818DA61D1A7}.Debug|Any CPU.Build.0 = Debug|Any CPU
		{FD571252-75E2-4E29-A7FE-D818DA61D1A7}.Release|Any CPU.ActiveCfg = Release|Any CPU
		{FD571252-75E2-4E29-A7FE-D818DA61D1A7}.Release|Any CPU.Build.0 = Release|Any CPU
		{9857AB34-1ECE-4366-99C2-25202DFF0D0A}.Debug|Any CPU.ActiveCfg = Debug|Any CPU
		{9857AB34-1ECE-4366-99C2-25202DFF0D0A}.Debug|Any CPU.Build.0 = Debug|Any CPU
		{9857AB34-1ECE-4366-99C2-25202DFF0D0A}.Release|Any CPU.ActiveCfg = Release|Any CPU
		{9857AB34-1ECE-4366-99C2-25202DFF0D0A}.Release|Any CPU.Build.0 = Release|Any CPU
		{B0ADF887-C8FE-4FA2-A7E3-ACB9C7DB63AD}.Debug|Any CPU.ActiveCfg = Debug|Any CPU
		{B0ADF887-C8FE-4FA2-A7E3-ACB9C7DB63AD}.Debug|Any CPU.Build.0 = Debug|Any CPU
		{B0ADF887-C8FE-4FA2-A7E3-ACB9C7DB63AD}.Release|Any CPU.ActiveCfg = Release|Any CPU
		{B0ADF887-C8FE-4FA2-A7E3-ACB9C7DB63AD}.Release|Any CPU.Build.0 = Release|Any CPU
		{345891C9-F12E-4F0B-A862-126EA5DB714D}.Debug|Any CPU.ActiveCfg = Debug|Any CPU
		{345891C9-F12E-4F0B-A862-126EA5DB714D}.Debug|Any CPU.Build.0 = Debug|Any CPU
		{345891C9-F12E-4F0B-A862-126EA5DB714D}.Release|Any CPU.ActiveCfg = Release|Any CPU
		{345891C9-F12E-4F0B-A862-126EA5DB714D}.Release|Any CPU.Build.0 = Release|Any CPU
	EndGlobalSection
	GlobalSection(SolutionProperties) = preSolution
		HideSolutionNode = FALSE
	EndGlobalSection
	GlobalSection(NestedProjects) = preSolution
		{96268C70-C3AB-424C-9B73-C5933CEF3ED4} = {8E680832-2437-4507-8AF3-1C9050168E2A}
		{FD571252-75E2-4E29-A7FE-D818DA61D1A7} = {8E680832-2437-4507-8AF3-1C9050168E2A}
		{9857AB34-1ECE-4366-99C2-25202DFF0D0A} = {8E680832-2437-4507-8AF3-1C9050168E2A}
	EndGlobalSection
EndGlobal
